{
    "_meta": {
        "hash": {
            "sha256": "4dbb107f8476bb264853d43147a1cd1d16bc300949ae778a2ba3d2ee944c0b2d"
        },
        "pipfile-spec": 6,
        "requires": {
            "python_version": "2.7"
        },
        "sources": [
            {
                "name": "pypi",
                "url": "https://pypi.org/simple",
                "verify_ssl": true
            }
        ]
    },
    "default": {
        "adafruit-gpio": {
            "hashes": [
                "sha256:d6465b92c866c51ca8f3bc1e8f2ec36f5ccdb46d0fd54101c1109756d4a2dcd0"
            ],
            "index": "pypi",
            "version": "==1.0.3"
        },
        "adafruit-pureio": {
            "hashes": [
                "sha256:e65cd929f1d8e109513ed1e457c2742bf4f15349c1a9b7f5b1e04191624d7488"
            ],
            "version": "==0.2.3"
        },
        "pyownet": {
            "hashes": [
                "sha256:714dc273a39b3659992939339b0f3ab7986108a10097232ed92df5f55db9c2e4",
                "sha256:97012c2be965a05ec5188b8bdde36fbcd5a1ba5c108f61eea66a827076d7499c",
                "sha256:c2d1a74c1e305befbce0b71a158e5bc5329581e4cd6df63e62f79073a4b2fc1e"
            ],
            "index": "pypi",
            "version": "==0.10.0"
        },
        "rpi.gpio": {
            "hashes": [
                "sha256:a5fc0eb5e401963b6c0a03650da6b42c4005f02d962b81241d96c98d0a578516"
            ],
            "index": "pypi",
            "version": "==0.6.3"
        },
        "smbus2": {
            "hashes": [
                "sha256:b8d943ffe74670be969b5be79f47df0f597e91e8e0df2bc0d57203b1c2cabf2b"
            ],
            "index": "pypi",
            "version": "==0.2.1"
        }
    },
    "develop": {}
}
